
Microsoft Visual Studio Solution File, Format Version 12.00
# Visual Studio Version 17
VisualStudioVersion = 17.5.33502.453
MinimumVisualStudioVersion = 10.0.40219.1
Project("{11A8DD76-328B-46DF-9F39-F559912D0360}") = "SH20DeviceI2C", "SH20DeviceI2C\SH20DeviceI2C.nfproj", "{5BF0C40D-10D5-4DF1-9973-9B7B3FC6BA8C}"
EndProject
Project("{11A8DD76-328B-46DF-9F39-F559912D0360}") = "SensironSHT22", "SensironSHT22\SensironSHT22.nfproj", "{F8FF2A9D-EC43-4B74-8EB9-1ACE99A84576}"
EndProject
Project("{11A8DD76-328B-46DF-9F39-F559912D0360}") = "SensironSHT22Client", "SensironSHT22Client\SensironSHT22Client.nfproj", "{690EEE98-A011-440E-9D6C-AB43583E23F6}"
EndProject
Project("{2150E333-8FDC-42A3-9474-1A3956D46DE8}") = "Images", "Images", "{FCD40304-FFF7-4151-8A7D-01B36BF3D206}"
	ProjectSection(SolutionItems) = preProject
		Images\SHT20HumidityWithHold.PNG = Images\SHT20HumidityWithHold.PNG
		Images\SHT20HumidityWithHoldAndDelay70.PNG = Images\SHT20HumidityWithHoldAndDelay70.PNG
		Images\SHT20STM32F769DiscoTestrig.jpg = Images\SHT20STM32F769DiscoTestrig.jpg
		Images\SHT20TemperatureHumidityWorking.PNG = Images\SHT20TemperatureHumidityWorking.PNG
		Images\SHT20TemperatureNoSleep.PNG = Images\SHT20TemperatureNoSleep.PNG
		Images\SHT20TemperautreWithHoldAndSleep70.PNG = Images\SHT20TemperautreWithHoldAndSleep70.PNG
	EndProjectSection
EndProject
Global
	GlobalSection(SolutionConfigurationPlatforms) = preSolution
		Debug|Any CPU = Debug|Any CPU
		Release|Any CPU = Release|Any CPU
	EndGlobalSection
	GlobalSection(ProjectConfigurationPlatforms) = postSolution
		{5BF0C40D-10D5-4DF1-9973-9B7B3FC6BA8C}.Debug|Any CPU.ActiveCfg = Debug|Any CPU
		{5BF0C40D-10D5-4DF1-9973-9B7B3FC6BA8C}.Debug|Any CPU.Build.0 = Debug|Any CPU
		{5BF0C40D-10D5-4DF1-9973-9B7B3FC6BA8C}.Debug|Any CPU.Deploy.0 = Debug|Any CPU
		{5BF0C40D-10D5-4DF1-9973-9B7B3FC6BA8C}.Release|Any CPU.ActiveCfg = Release|Any CPU
		{5BF0C40D-10D5-4DF1-9973-9B7B3FC6BA8C}.Release|Any CPU.Build.0 = Release|Any CPU
		{5BF0C40D-10D5-4DF1-9973-9B7B3FC6BA8C}.Release|Any CPU.Deploy.0 = Release|Any CPU
		{F8FF2A9D-EC43-4B74-8EB9-1ACE99A84576}.Debug|Any CPU.ActiveCfg = Debug|Any CPU
		{F8FF2A9D-EC43-4B74-8EB9-1ACE99A84576}.Debug|Any CPU.Build.0 = Debug|Any CPU
		{F8FF2A9D-EC43-4B74-8EB9-1ACE99A84576}.Debug|Any CPU.Deploy.0 = Debug|Any CPU
		{F8FF2A9D-EC43-4B74-8EB9-1ACE99A84576}.Release|Any CPU.ActiveCfg = Release|Any CPU
		{F8FF2A9D-EC43-4B74-8EB9-1ACE99A84576}.Release|Any CPU.Build.0 = Release|Any CPU
		{F8FF2A9D-EC43-4B74-8EB9-1ACE99A84576}.Release|Any CPU.Deploy.0 = Release|Any CPU
		{690EEE98-A011-440E-9D6C-AB43583E23F6}.Debug|Any CPU.ActiveCfg = Debug|Any CPU
		{690EEE98-A011-440E-9D6C-AB43583E23F6}.Debug|Any CPU.Build.0 = Debug|Any CPU
		{690EEE98-A011-440E-9D6C-AB43583E23F6}.Debug|Any CPU.Deploy.0 = Debug|Any CPU
		{690EEE98-A011-440E-9D6C-AB43583E23F6}.Release|Any CPU.ActiveCfg = Release|Any CPU
		{690EEE98-A011-440E-9D6C-AB43583E23F6}.Release|Any CPU.Build.0 = Release|Any CPU
		{690EEE98-A011-440E-9D6C-AB43583E23F6}.Release|Any CPU.Deploy.0 = Release|Any CPU
	EndGlobalSection
	GlobalSection(SolutionProperties) = preSolution
		HideSolutionNode = FALSE
	EndGlobalSection
	GlobalSection(ExtensibilityGlobals) = postSolution
		SolutionGuid = {47C1AA9E-49AF-4AF0-B28F-FC6C2D90E375}
	EndGlobalSection
EndGlobal
